
Microsoft Visual Studio Solution File, Format Version 12.00
# Visual Studio Version 16
VisualStudioVersion = 16.0.31624.102
MinimumVisualStudioVersion = 10.0.40219.1
Project("{9A19103F-16F7-4668-BE54-9A1E7A4F7556}") = "CoreUnitTestProject", "CoreUnitTestProject\CoreUnitTestProject.csproj", "{E8EE1E8E-7223-4ACE-A192-445060C24105}"
EndProject
Project("{2150E333-8FDC-42A3-9474-1A3956D46DE8}") = "Solution Items", "Solution Items", "{63BC028F-119D-449A-A1EB-048A26BEEAA1}"
	ProjectSection(SolutionItems) = preProject
		documentation.md = documentation.md
		readme.md = readme.md
	EndProjectSection
EndProject
Project("{9A19103F-16F7-4668-BE54-9A1E7A4F7556}") = "NorthWindConnections", "NorthWindConnections\NorthWindConnections.csproj", "{A4832470-8E90-4F19-948D-CBF0D1C81506}"
EndProject
Project("{FAE04EC0-301F-11D3-BF4B-00C04F79EFBC}") = "DebugWriteTips", "DebugWriteTips\DebugWriteTips.csproj", "{44795C59-595B-4B33-B32E-B560410EACBD}"
EndProject
Global
	GlobalSection(SolutionConfigurationPlatforms) = preSolution
		Debug|Any CPU = Debug|Any CPU
		Release|Any CPU = Release|Any CPU
	EndGlobalSection
	GlobalSection(ProjectConfigurationPlatforms) = postSolution
		{E8EE1E8E-7223-4ACE-A192-445060C24105}.Debug|Any CPU.ActiveCfg = Debug|Any CPU
		{E8EE1E8E-7223-4ACE-A192-445060C24105}.Debug|Any CPU.Build.0 = Debug|Any CPU
		{E8EE1E8E-7223-4ACE-A192-445060C24105}.Release|Any CPU.ActiveCfg = Release|Any CPU
		{E8EE1E8E-7223-4ACE-A192-445060C24105}.Release|Any CPU.Build.0 = Release|Any CPU
		{A4832470-8E90-4F19-948D-CBF0D1C81506}.Debug|Any CPU.ActiveCfg = Debug|Any CPU
		{A4832470-8E90-4F19-948D-CBF0D1C81506}.Debug|Any CPU.Build.0 = Debug|Any CPU
		{A4832470-8E90-4F19-948D-CBF0D1C81506}.Release|Any CPU.ActiveCfg = Release|Any CPU
		{A4832470-8E90-4F19-948D-CBF0D1C81506}.Release|Any CPU.Build.0 = Release|Any CPU
		{44795C59-595B-4B33-B32E-B560410EACBD}.Debug|Any CPU.ActiveCfg = Debug|Any CPU
		{44795C59-595B-4B33-B32E-B560410EACBD}.Debug|Any CPU.Build.0 = Debug|Any CPU
		{44795C59-595B-4B33-B32E-B560410EACBD}.Release|Any CPU.ActiveCfg = Release|Any CPU
		{44795C59-595B-4B33-B32E-B560410EACBD}.Release|Any CPU.Build.0 = Release|Any CPU
	EndGlobalSection
	GlobalSection(SolutionProperties) = preSolution
		HideSolutionNode = FALSE
	EndGlobalSection
	GlobalSection(ExtensibilityGlobals) = postSolution
		SolutionGuid = {35A20B69-B162-4133-A5A2-54CE84A934CE}
	EndGlobalSection
EndGlobal
